
Microsoft Visual Studio Solution File, Format Version 12.00
# Visual Studio Version 16
VisualStudioVersion = 16.0.30523.141
MinimumVisualStudioVersion = 10.0.40219.1
Project("{FAE04EC0-301F-11D3-BF4B-00C04F79EFBC}") = "asp-net-labs", "asp-net-labs\asp-net-labs.csproj", "{06928588-CF6D-456E-99FB-6362A534FFB7}"
EndProject
Global
	GlobalSection(SolutionConfigurationPlatforms) = preSolution
		Debug|Any CPU = Debug|Any CPU
		Release|Any CPU = Release|Any CPU
	EndGlobalSection
	GlobalSection(ProjectConfigurationPlatforms) = postSolution
		{06928588-CF6D-456E-99FB-6362A534FFB7}.Debug|Any CPU.ActiveCfg = Debug|Any CPU
		{06928588-CF6D-456E-99FB-6362A534FFB7}.Debug|Any CPU.Build.0 = Debug|Any CPU
		{06928588-CF6D-456E-99FB-6362A534FFB7}.Release|Any CPU.ActiveCfg = Release|Any CPU
		{06928588-CF6D-456E-99FB-6362A534FFB7}.Release|Any CPU.Build.0 = Release|Any CPU
	EndGlobalSection
	GlobalSection(SolutionProperties) = preSolution
		HideSolutionNode = FALSE
	EndGlobalSection
	GlobalSection(ExtensibilityGlobals) = postSolution
		SolutionGuid = {52CD1836-5AA2-465A-90D9-DBF88C6B0F39}
	EndGlobalSection
EndGlobal
